
Microsoft Visual Studio Solution File, Format Version 12.00
# Visual Studio Version 16
VisualStudioVersion = 16.0.31205.134
MinimumVisualStudioVersion = 10.0.40219.1
Project("{FAE04EC0-301F-11D3-BF4B-00C04F79EFBC}") = "Inventory", "Inventory.csproj", "{AF67A1F8-9640-4716-85D8-053AA6840607}"
EndProject
Global
	GlobalSection(SolutionConfigurationPlatforms) = preSolution
		Debug|Any CPU = Debug|Any CPU
		Release|Any CPU = Release|Any CPU
	EndGlobalSection
	GlobalSection(ProjectConfigurationPlatforms) = postSolution
		{AF67A1F8-9640-4716-85D8-053AA6840607}.Debug|Any CPU.ActiveCfg = Debug|Any CPU
		{AF67A1F8-9640-4716-85D8-053AA6840607}.Debug|Any CPU.Build.0 = Debug|Any CPU
		{AF67A1F8-9640-4716-85D8-053AA6840607}.Release|Any CPU.ActiveCfg = Release|Any CPU
		{AF67A1F8-9640-4716-85D8-053AA6840607}.Release|Any CPU.Build.0 = Release|Any CPU
	EndGlobalSection
	GlobalSection(SolutionProperties) = preSolution
		HideSolutionNode = FALSE
	EndGlobalSection
	GlobalSection(ExtensibilityGlobals) = postSolution
		SolutionGuid = {55F09275-3AB4-41CF-9320-5E44A26C29EB}
	EndGlobalSection
EndGlobal
